
Microsoft Visual Studio Solution File, Format Version 12.00
# Visual Studio Version 16
VisualStudioVersion = 16.0.31410.357
MinimumVisualStudioVersion = 10.0.40219.1
Project("{FAE04EC0-301F-11D3-BF4B-00C04F79EFBC}") = "ETickets", "ETickets\ETickets.csproj", "{076C60A3-8BE3-4FDB-BA3C-A0A432AE760D}"
EndProject
Global
	GlobalSection(SolutionConfigurationPlatforms) = preSolution
		Debug|Any CPU = Debug|Any CPU
		Release|Any CPU = Release|Any CPU
	EndGlobalSection
	GlobalSection(ProjectConfigurationPlatforms) = postSolution
		{076C60A3-8BE3-4FDB-BA3C-A0A432AE760D}.Debug|Any CPU.ActiveCfg = Debug|Any CPU
		{076C60A3-8BE3-4FDB-BA3C-A0A432AE760D}.Debug|Any CPU.Build.0 = Debug|Any CPU
		{076C60A3-8BE3-4FDB-BA3C-A0A432AE760D}.Release|Any CPU.ActiveCfg = Release|Any CPU
		{076C60A3-8BE3-4FDB-BA3C-A0A432AE760D}.Release|Any CPU.Build.0 = Release|Any CPU
	EndGlobalSection
	GlobalSection(SolutionProperties) = preSolution
		HideSolutionNode = FALSE
	EndGlobalSection
	GlobalSection(ExtensibilityGlobals) = postSolution
		SolutionGuid = {D8A205B4-5077-49B9-B518-C2041246A46E}
	EndGlobalSection
EndGlobal
